
Microsoft Visual Studio Solution File, Format Version 12.00
# Visual Studio 14
VisualStudioVersion = 14.0.25123.0
MinimumVisualStudioVersion = 10.0.40219.1
Project("{E24C65DC-7377-472B-9ABA-BC803B73C61A}") = "UltraComics", "..\..\WebSites\UltraComics\", "{E158D6F1-5ECF-46E8-B174-97F1B58DB327}"
	ProjectSection(WebsiteProperties) = preProject
		TargetFrameworkMoniker = ".NETFramework,Version%3Dv4.5.2"
		Debug.AspNetCompiler.VirtualPath = "/localhost_50682"
		Debug.AspNetCompiler.PhysicalPath = "..\..\WebSites\UltraComics\"
		Debug.AspNetCompiler.TargetPath = "PrecompiledWeb\localhost_50682\"
		Debug.AspNetCompiler.Updateable = "true"
		Debug.AspNetCompiler.ForceOverwrite = "true"
		Debug.AspNetCompiler.FixedNames = "false"
		Debug.AspNetCompiler.Debug = "True"
		Release.AspNetCompiler.VirtualPath = "/localhost_50682"
		Release.AspNetCompiler.PhysicalPath = "..\..\WebSites\UltraComics\"
		Release.AspNetCompiler.TargetPath = "PrecompiledWeb\localhost_50682\"
		Release.AspNetCompiler.Updateable = "true"
		Release.AspNetCompiler.ForceOverwrite = "true"
		Release.AspNetCompiler.FixedNames = "false"
		Release.AspNetCompiler.Debug = "False"
		VWDPort = "50682"
		SlnRelativePath = "..\..\WebSites\UltraComics\"
		DefaultWebSiteLanguage = "Visual C#"
	EndProjectSection
EndProject
Global
	GlobalSection(SolutionConfigurationPlatforms) = preSolution
		Debug|Any CPU = Debug|Any CPU
	EndGlobalSection
	GlobalSection(ProjectConfigurationPlatforms) = postSolution
		{E158D6F1-5ECF-46E8-B174-97F1B58DB327}.Debug|Any CPU.ActiveCfg = Debug|Any CPU
		{E158D6F1-5ECF-46E8-B174-97F1B58DB327}.Debug|Any CPU.Build.0 = Debug|Any CPU
	EndGlobalSection
	GlobalSection(SolutionProperties) = preSolution
		HideSolutionNode = FALSE
	EndGlobalSection
EndGlobal
